
Microsoft Visual Studio Solution File, Format Version 12.00
# Visual Studio Version 17
VisualStudioVersion = 17.5.002.0
MinimumVisualStudioVersion = 10.0.40219.1
Project("{9A19103F-16F7-4668-BE54-9A1E7A4F7556}") = "DesafioProjetoHospedagem", "DesafioProjetoHospedagem.csproj", "{73A27BD8-E993-4D40-8810-31E0D09A7696}"
EndProject
Global
	GlobalSection(SolutionConfigurationPlatforms) = preSolution
		Debug|Any CPU = Debug|Any CPU
		Release|Any CPU = Release|Any CPU
	EndGlobalSection
	GlobalSection(ProjectConfigurationPlatforms) = postSolution
		{73A27BD8-E993-4D40-8810-31E0D09A7696}.Debug|Any CPU.ActiveCfg = Debug|Any CPU
		{73A27BD8-E993-4D40-8810-31E0D09A7696}.Debug|Any CPU.Build.0 = Debug|Any CPU
		{73A27BD8-E993-4D40-8810-31E0D09A7696}.Release|Any CPU.ActiveCfg = Release|Any CPU
		{73A27BD8-E993-4D40-8810-31E0D09A7696}.Release|Any CPU.Build.0 = Release|Any CPU
	EndGlobalSection
	GlobalSection(SolutionProperties) = preSolution
		HideSolutionNode = FALSE
	EndGlobalSection
	GlobalSection(ExtensibilityGlobals) = postSolution
		SolutionGuid = {78967BA8-5D24-40F5-A71C-8EF260C740FA}
	EndGlobalSection
EndGlobal
